
Microsoft Visual Studio Solution File, Format Version 12.00
# Visual Studio 15
Project("{FAE04EC0-301F-11D3-BF4B-00C04F79EFBC}") = "VuforiaScripts", "VuforiaScripts.csproj", "{42896167-846A-6592-0C0F-987B66BBB776}"
EndProject
Project("{FAE04EC0-301F-11D3-BF4B-00C04F79EFBC}") = "Assembly-CSharp", "Assembly-CSharp.csproj", "{67174D0A-F9D3-9683-2096-3768265747EB}"
EndProject
Project("{FAE04EC0-301F-11D3-BF4B-00C04F79EFBC}") = "VuforiaEditorScripts", "VuforiaEditorScripts.csproj", "{0FC4A091-7A96-610E-8353-8054C518819A}"
EndProject
Global
	GlobalSection(SolutionConfigurationPlatforms) = preSolution
		Debug|Any CPU = Debug|Any CPU
		Release|Any CPU = Release|Any CPU
	EndGlobalSection
	GlobalSection(ProjectConfigurationPlatforms) = postSolution
		{42896167-846A-6592-0C0F-987B66BBB776}.Debug|Any CPU.ActiveCfg = Debug|Any CPU
		{42896167-846A-6592-0C0F-987B66BBB776}.Debug|Any CPU.Build.0 = Debug|Any CPU
		{42896167-846A-6592-0C0F-987B66BBB776}.Release|Any CPU.ActiveCfg = Release|Any CPU
		{42896167-846A-6592-0C0F-987B66BBB776}.Release|Any CPU.Build.0 = Release|Any CPU
		{67174D0A-F9D3-9683-2096-3768265747EB}.Debug|Any CPU.ActiveCfg = Debug|Any CPU
		{67174D0A-F9D3-9683-2096-3768265747EB}.Debug|Any CPU.Build.0 = Debug|Any CPU
		{67174D0A-F9D3-9683-2096-3768265747EB}.Release|Any CPU.ActiveCfg = Release|Any CPU
		{67174D0A-F9D3-9683-2096-3768265747EB}.Release|Any CPU.Build.0 = Release|Any CPU
		{0FC4A091-7A96-610E-8353-8054C518819A}.Debug|Any CPU.ActiveCfg = Debug|Any CPU
		{0FC4A091-7A96-610E-8353-8054C518819A}.Debug|Any CPU.Build.0 = Debug|Any CPU
		{0FC4A091-7A96-610E-8353-8054C518819A}.Release|Any CPU.ActiveCfg = Release|Any CPU
		{0FC4A091-7A96-610E-8353-8054C518819A}.Release|Any CPU.Build.0 = Release|Any CPU
	EndGlobalSection
	GlobalSection(SolutionProperties) = preSolution
		HideSolutionNode = FALSE
	EndGlobalSection
EndGlobal
